
Microsoft Visual Studio Solution File, Format Version 12.00
# Visual Studio Version 17
VisualStudioVersion = 17.4.33110.190
MinimumVisualStudioVersion = 10.0.40219.1
Project("{9A19103F-16F7-4668-BE54-9A1E7A4F7556}") = "MoodAnalizer", "MoodAnalizer.csproj", "{BF236D14-C095-43AA-8A32-D009B7886AD8}"
EndProject
Project("{FAE04EC0-301F-11D3-BF4B-00C04F79EFBC}") = "UnitTest1", "UnitTest1\UnitTest1.csproj", "{A693AA31-FBFE-4833-9D7B-A4BC531954A8}"
EndProject
Global
	GlobalSection(SolutionConfigurationPlatforms) = preSolution
		Debug|Any CPU = Debug|Any CPU
		Release|Any CPU = Release|Any CPU
	EndGlobalSection
	GlobalSection(ProjectConfigurationPlatforms) = postSolution
		{BF236D14-C095-43AA-8A32-D009B7886AD8}.Debug|Any CPU.ActiveCfg = Debug|Any CPU
		{BF236D14-C095-43AA-8A32-D009B7886AD8}.Debug|Any CPU.Build.0 = Debug|Any CPU
		{BF236D14-C095-43AA-8A32-D009B7886AD8}.Release|Any CPU.ActiveCfg = Release|Any CPU
		{BF236D14-C095-43AA-8A32-D009B7886AD8}.Release|Any CPU.Build.0 = Release|Any CPU
		{A693AA31-FBFE-4833-9D7B-A4BC531954A8}.Debug|Any CPU.ActiveCfg = Debug|Any CPU
		{A693AA31-FBFE-4833-9D7B-A4BC531954A8}.Debug|Any CPU.Build.0 = Debug|Any CPU
		{A693AA31-FBFE-4833-9D7B-A4BC531954A8}.Release|Any CPU.ActiveCfg = Release|Any CPU
		{A693AA31-FBFE-4833-9D7B-A4BC531954A8}.Release|Any CPU.Build.0 = Release|Any CPU
	EndGlobalSection
	GlobalSection(SolutionProperties) = preSolution
		HideSolutionNode = FALSE
	EndGlobalSection
	GlobalSection(ExtensibilityGlobals) = postSolution
		SolutionGuid = {18A491DE-AF70-4D55-B7CB-090F5EC48A93}
	EndGlobalSection
EndGlobal
